
Microsoft Visual Studio Solution File, Format Version 12.00
# Visual Studio 2013
VisualStudioVersion = 12.0.21005.1
MinimumVisualStudioVersion = 10.0.40219.1
Project("{FAE04EC0-301F-11D3-BF4B-00C04F79EFBC}") = "DesktopGame", "DesktopGame\DesktopGame.csproj", "{4C823C98-A7B1-4B42-9318-282F7E1A5664}"
EndProject
Project("{FAE04EC0-301F-11D3-BF4B-00C04F79EFBC}") = "VisualLogic", "VisualLogic\VisualLogic.csproj", "{4C677260-8CF3-4F7D-AD7B-CF2A0FBBE25A}"
EndProject
Project("{FAE04EC0-301F-11D3-BF4B-00C04F79EFBC}") = "UnitTests", "UnitTests\UnitTests.csproj", "{2DE8B5CB-6665-49EC-B0C8-3FE21E26A974}"
EndProject
Global
	GlobalSection(SolutionConfigurationPlatforms) = preSolution
		Debug|Any CPU = Debug|Any CPU
		Release|Any CPU = Release|Any CPU
	EndGlobalSection
	GlobalSection(ProjectConfigurationPlatforms) = postSolution
		{4C823C98-A7B1-4B42-9318-282F7E1A5664}.Debug|Any CPU.ActiveCfg = Debug|Any CPU
		{4C823C98-A7B1-4B42-9318-282F7E1A5664}.Debug|Any CPU.Build.0 = Debug|Any CPU
		{4C823C98-A7B1-4B42-9318-282F7E1A5664}.Release|Any CPU.ActiveCfg = Release|Any CPU
		{4C823C98-A7B1-4B42-9318-282F7E1A5664}.Release|Any CPU.Build.0 = Release|Any CPU
		{4C677260-8CF3-4F7D-AD7B-CF2A0FBBE25A}.Debug|Any CPU.ActiveCfg = Debug|Any CPU
		{4C677260-8CF3-4F7D-AD7B-CF2A0FBBE25A}.Debug|Any CPU.Build.0 = Debug|Any CPU
		{4C677260-8CF3-4F7D-AD7B-CF2A0FBBE25A}.Release|Any CPU.ActiveCfg = Release|Any CPU
		{4C677260-8CF3-4F7D-AD7B-CF2A0FBBE25A}.Release|Any CPU.Build.0 = Release|Any CPU
		{2DE8B5CB-6665-49EC-B0C8-3FE21E26A974}.Debug|Any CPU.ActiveCfg = Debug|Any CPU
		{2DE8B5CB-6665-49EC-B0C8-3FE21E26A974}.Debug|Any CPU.Build.0 = Debug|Any CPU
		{2DE8B5CB-6665-49EC-B0C8-3FE21E26A974}.Release|Any CPU.ActiveCfg = Release|Any CPU
		{2DE8B5CB-6665-49EC-B0C8-3FE21E26A974}.Release|Any CPU.Build.0 = Release|Any CPU
	EndGlobalSection
	GlobalSection(SolutionProperties) = preSolution
		HideSolutionNode = FALSE
	EndGlobalSection
EndGlobal
